// !$*UTF8*$!
{
	archiveVersion = 1;
	classes = {
	};
	objectVersion = 50;
	objects = {

/* Begin PBXBuildFile section */
		6B3E81AB211FC60B00D4F5D3 /* AppDelegate.swift in Sources */ = {isa = PBXBuildFile; fileRef = 6B3E81AA211FC60B00D4F5D3 /* AppDelegate.swift */; };
		6B3E81B0211FC60B00D4F5D3 /* Main.storyboard in Resources */ = {isa = PBXBuildFile; fileRef = 6B3E81AE211FC60B00D4F5D3 /* Main.storyboard */; };
		6B3E81B2211FC60F00D4F5D3 /* Assets.xcassets in Resources */ = {isa = PBXBuildFile; fileRef = 6B3E81B1211FC60F00D4F5D3 /* Assets.xcassets */; };
		6B3E81B5211FC60F00D4F5D3 /* LaunchScreen.storyboard in Resources */ = {isa = PBXBuildFile; fileRef = 6B3E81B3211FC60F00D4F5D3 /* LaunchScreen.storyboard */; };
		6B3E81BD211FC65C00D4F5D3 /* RootViewController.swift in Sources */ = {isa = PBXBuildFile; fileRef = 6B3E81BC211FC65C00D4F5D3 /* RootViewController.swift */; };
		6B3E81BF211FC88000D4F5D3 /* Book.swift in Sources */ = {isa = PBXBuildFile; fileRef = 6B3E81BE211FC88000D4F5D3 /* Book.swift */; };
		6B3E81C1211FD70D00D4F5D3 /* DetailViewController.swift in Sources */ = {isa = PBXBuildFile; fileRef = 6B3E81C0211FD70D00D4F5D3 /* DetailViewController.swift */; };
/* End PBXBuildFile section */

/* Begin PBXContainerItemProxy section */
		6B3E81CD211FE1F800D4F5D3 /* PBXContainerItemProxy */ = {
			isa = PBXContainerItemProxy;
			containerPortal = 6B3E81C2211FE1F800D4F5D3 /* Alamofire.xcodeproj */;
			proxyType = 2;
			remoteGlobalIDString = F8111E3319A95C8B0040E7D1;
			remoteInfo = "Alamofire iOS";
		};
		6B3E81CF211FE1F800D4F5D3 /* PBXContainerItemProxy */ = {
			isa = PBXContainerItemProxy;
			containerPortal = 6B3E81C2211FE1F800D4F5D3 /* Alamofire.xcodeproj */;
			proxyType = 2;
			remoteGlobalIDString = F8111E3E19A95C8B0040E7D1;
			remoteInfo = "Alamofire iOS Tests";
		};
		6B3E81D1211FE1F800D4F5D3 /* PBXContainerItemProxy */ = {
			isa = PBXContainerItemProxy;
			containerPortal = 6B3E81C2211FE1F800D4F5D3 /* Alamofire.xcodeproj */;
			proxyType = 2;
			remoteGlobalIDString = 4DD67C0B1A5C55C900ED2280;
			remoteInfo = "Alamofire macOS";
		};
		6B3E81D3211FE1F800D4F5D3 /* PBXContainerItemProxy */ = {
			isa = PBXContainerItemProxy;
			containerPortal = 6B3E81C2211FE1F800D4F5D3 /* Alamofire.xcodeproj */;
			proxyType = 2;
			remoteGlobalIDString = F829C6B21A7A94F100A2CD59;
			remoteInfo = "Alamofire macOS Tests";
		};
		6B3E81D5211FE1F800D4F5D3 /* PBXContainerItemProxy */ = {
			isa = PBXContainerItemProxy;
			containerPortal = 6B3E81C2211FE1F800D4F5D3 /* Alamofire.xcodeproj */;
			proxyType = 2;
			remoteGlobalIDString = 4CF626EF1BA7CB3E0011A099;
			remoteInfo = "Alamofire tvOS";
		};
		6B3E81D7211FE1F800D4F5D3 /* PBXContainerItemProxy */ = {
			isa = PBXContainerItemProxy;
			containerPortal = 6B3E81C2211FE1F800D4F5D3 /* Alamofire.xcodeproj */;
			proxyType = 2;
			remoteGlobalIDString = 4CF626F81BA7CB3E0011A099;
			remoteInfo = "Alamofire tvOS Tests";
		};
		6B3E81D9211FE1F800D4F5D3 /* PBXContainerItemProxy */ = {
			isa = PBXContainerItemProxy;
			containerPortal = 6B3E81C2211FE1F800D4F5D3 /* Alamofire.xcodeproj */;
			proxyType = 2;
			remoteGlobalIDString = E4202FE01B667AA100C997FB;
			remoteInfo = "Alamofire watchOS";
		};
		6B3E81DB211FE29B00D4F5D3 /* PBXContainerItemProxy */ = {
			isa = PBXContainerItemProxy;
			containerPortal = 6B3E81C2211FE1F800D4F5D3 /* Alamofire.xcodeproj */;
			proxyType = 1;
			remoteGlobalIDString = F8111E3219A95C8B0040E7D1;
			remoteInfo = "Alamofire iOS";
		};
/* End PBXContainerItemProxy section */

/* Begin PBXFileReference section */
		6B3E81A7211FC60B00D4F5D3 /* XMLParsing.app */ = {isa = PBXFileReference; explicitFileType = wrapper.application; includeInIndex = 0; path = XMLParsing.app; sourceTree = BUILT_PRODUCTS_DIR; };
		6B3E81AA211FC60B00D4F5D3 /* AppDelegate.swift */ = {isa = PBXFileReference; lastKnownFileType = sourcecode.swift; path = AppDelegate.swift; sourceTree = "<group>"; };
		6B3E81AF211FC60B00D4F5D3 /* Base */ = {isa = PBXFileReference; lastKnownFileType = file.storyboard; name = Base; path = Base.lproj/Main.storyboard; sourceTree = "<group>"; };
		6B3E81B1211FC60F00D4F5D3 /* Assets.xcassets */ = {isa = PBXFileReference; lastKnownFileType = folder.assetcatalog; path = Assets.xcassets; sourceTree = "<group>"; };
		6B3E81B4211FC60F00D4F5D3 /* Base */ = {isa = PBXFileReference; lastKnownFileType = file.storyboard; name = Base; path = Base.lproj/LaunchScreen.storyboard; sourceTree = "<group>"; };
		6B3E81B6211FC60F00D4F5D3 /* Info.plist */ = {isa = PBXFileReference; lastKnownFileType = text.plist.xml; path = Info.plist; sourceTree = "<group>"; };
		6B3E81BC211FC65C00D4F5D3 /* RootViewController.swift */ = {isa = PBXFileReference; lastKnownFileType = sourcecode.swift; path = RootViewController.swift; sourceTree = "<group>"; };
		6B3E81BE211FC88000D4F5D3 /* Book.swift */ = {isa = PBXFileReference; lastKnownFileType = sourcecode.swift; path = Book.swift; sourceTree = "<group>"; };
		6B3E81C0211FD70D00D4F5D3 /* DetailViewController.swift */ = {isa = PBXFileReference; lastKnownFileType = sourcecode.swift; path = DetailViewController.swift; sourceTree = "<group>"; };
		6B3E81C2211FE1F800D4F5D3 /* Alamofire.xcodeproj */ = {isa = PBXFileReference; lastKnownFileType = "wrapper.pb-project"; name = Alamofire.xcodeproj; path = XMLParsing/Alamofire/Alamofire.xcodeproj; sourceTree = "<group>"; };
/* End PBXFileReference section */

/* Begin PBXFrameworksBuildPhase section */
		6B3E81A4211FC60B00D4F5D3 /* Frameworks */ = {
			isa = PBXFrameworksBuildPhase;
			buildActionMask = 2147483647;
			files = (
			);
			runOnlyForDeploymentPostprocessing = 0;
		};
/* End PBXFrameworksBuildPhase section */

/* Begin PBXGroup section */
		6B3E819E211FC60B00D4F5D3 = {
			isa = PBXGroup;
			children = (
				6B3E81A9211FC60B00D4F5D3 /* XMLParsing */,
				6B3E81A8211FC60B00D4F5D3 /* Products */,
				6B3E81C2211FE1F800D4F5D3 /* Alamofire.xcodeproj */,
			);
			sourceTree = "<group>";
		};
		6B3E81A8211FC60B00D4F5D3 /* Products */ = {
			isa = PBXGroup;
			children = (
				6B3E81A7211FC60B00D4F5D3 /* XMLParsing.app */,
			);
			name = Products;
			sourceTree = "<group>";
		};
		6B3E81A9211FC60B00D4F5D3 /* XMLParsing */ = {
			isa = PBXGroup;
			children = (
				6B3E81BC211FC65C00D4F5D3 /* RootViewController.swift */,
				6B3E81AA211FC60B00D4F5D3 /* AppDelegate.swift */,
				6B3E81AE211FC60B00D4F5D3 /* Main.storyboard */,
				6B3E81B1211FC60F00D4F5D3 /* Assets.xcassets */,
				6B3E81B3211FC60F00D4F5D3 /* LaunchScreen.storyboard */,
				6B3E81B6211FC60F00D4F5D3 /* Info.plist */,
				6B3E81BE211FC88000D4F5D3 /* Book.swift */,
				6B3E81C0211FD70D00D4F5D3 /* DetailViewController.swift */,
			);
			path = XMLParsing;
			sourceTree = "<group>";
		};
		6B3E81C3211FE1F800D4F5D3 /* Products */ = {
			isa = PBXGroup;
			children = (
				6B3E81CE211FE1F800D4F5D3 /* Alamofire.framework */,
				6B3E81D0211FE1F800D4F5D3 /* Alamofire iOS Tests.xctest */,
				6B3E81D2211FE1F800D4F5D3 /* Alamofire.framework */,
				6B3E81D4211FE1F800D4F5D3 /* Alamofire macOS Tests.xctest */,
				6B3E81D6211FE1F800D4F5D3 /* Alamofire.framework */,
				6B3E81D8211FE1F800D4F5D3 /* Alamofire tvOS Tests.xctest */,
				6B3E81DA211FE1F800D4F5D3 /* Alamofire.framework */,
			);
			name = Products;
			sourceTree = "<group>";
		};
/* End PBXGroup section */

/* Begin PBXNativeTarget section */
		6B3E81A6211FC60B00D4F5D3 /* XMLParsing */ = {
			isa = PBXNativeTarget;
			buildConfigurationList = 6B3E81B9211FC60F00D4F5D3 /* Build configuration list for PBXNativeTarget "XMLParsing" */;
			buildPhases = (
				6B3E81A3211FC60B00D4F5D3 /* Sources */,
				6B3E81A4211FC60B00D4F5D3 /* Frameworks */,
				6B3E81A5211FC60B00D4F5D3 /* Resources */,
			);
			buildRules = (
			);
			dependencies = (
				6B3E81DC211FE29B00D4F5D3 /* PBXTargetDependency */,
			);
			name = XMLParsing;
			productName = XMLParsing;
			productReference = 6B3E81A7211FC60B00D4F5D3 /* XMLParsing.app */;
			productType = "com.apple.product-type.application";
		};
/* End PBXNativeTarget section */

/* Begin PBXProject section */
		6B3E819F211FC60B00D4F5D3 /* Project object */ = {
			isa = PBXProject;
			attributes = {
				LastSwiftUpdateCheck = 0940;
				LastUpgradeCheck = 0940;
				ORGANIZATIONNAME = "402-22";
				TargetAttributes = {
					6B3E81A6211FC60B00D4F5D3 = {
						CreatedOnToolsVersion = 9.4.1;
					};
				};
			};
			buildConfigurationList = 6B3E81A2211FC60B00D4F5D3 /* Build configuration list for PBXProject "XMLParsing" */;
			compatibilityVersion = "Xcode 9.3";
			developmentRegion = en;
			hasScannedForEncodings = 0;
			knownRegions = (
				en,
				Base,
			);
			mainGroup = 6B3E819E211FC60B00D4F5D3;
			productRefGroup = 6B3E81A8211FC60B00D4F5D3 /* Products */;
			projectDirPath = "";
			projectReferences = (
				{
					ProductGroup = 6B3E81C3211FE1F800D4F5D3 /* Products */;
					ProjectRef = 6B3E81C2211FE1F800D4F5D3 /* Alamofire.xcodeproj */;
				},
			);
			projectRoot = "";
			targets = (
				6B3E81A6211FC60B00D4F5D3 /* XMLParsing */,
			);
		};
/* End PBXProject section */

/* Begin PBXReferenceProxy section */
		6B3E81CE211FE1F800D4F5D3 /* Alamofire.framework */ = {
			isa = PBXReferenceProxy;
			fileType = wrapper.framework;
			path = Alamofire.framework;
			remoteRef = 6B3E81CD211FE1F800D4F5D3 /* PBXContainerItemProxy */;
			sourceTree = BUILT_PRODUCTS_DIR;
		};
		6B3E81D0211FE1F800D4F5D3 /* Alamofire iOS Tests.xctest */ = {
			isa = PBXReferenceProxy;
			fileType = wrapper.cfbundle;
			path = "Alamofire iOS Tests.xctest";
			remoteRef = 6B3E81CF211FE1F800D4F5D3 /* PBXContainerItemProxy */;
			sourceTree = BUILT_PRODUCTS_DIR;
		};
		6B3E81D2211FE1F800D4F5D3 /* Alamofire.framework */ = {
			isa = PBXReferenceProxy;
			fileType = wrapper.framework;
			path = Alamofire.framework;
			remoteRef = 6B3E81D1211FE1F800D4F5D3 /* PBXContainerItemProxy */;
			sourceTree = BUILT_PRODUCTS_DIR;
		};
		6B3E81D4211FE1F800D4F5D3 /* Alamofire macOS Tests.xctest */ = {
			isa = PBXReferenceProxy;
			fileType = wrapper.cfbundle;
			path = "Alamofire macOS Tests.xctest";
			remoteRef = 6B3E81D3211FE1F800D4F5D3 /* PBXContainerItemProxy */;
			sourceTree = BUILT_PRODUCTS_DIR;
		};
		6B3E81D6211FE1F800D4F5D3 /* Alamofire.framework */ = {
			isa = PBXReferenceProxy;
			fileType = wrapper.framework;
			path = Alamofire.framework;
			remoteRef = 6B3E81D5211FE1F800D4F5D3 /* PBXContainerItemProxy */;
			sourceTree = BUILT_PRODUCTS_DIR;
		};
		6B3E81D8211FE1F800D4F5D3 /* Alamofire tvOS Tests.xctest */ = {
			isa = PBXReferenceProxy;
			fileType = wrapper.cfbundle;
			path = "Alamofire tvOS Tests.xctest";
			remoteRef = 6B3E81D7211FE1F800D4F5D3 /* PBXContainerItemProxy */;
			sourceTree = BUILT_PRODUCTS_DIR;
		};
		6B3E81DA211FE1F800D4F5D3 /* Alamofire.framework */ = {
			isa = PBXReferenceProxy;
			fileType = wrapper.framework;
			path = Alamofire.framework;
			remoteRef = 6B3E81D9211FE1F800D4F5D3 /* PBXContainerItemProxy */;
			sourceTree = BUILT_PRODUCTS_DIR;
		};
/* End PBXReferenceProxy section */

/* Begin PBXResourcesBuildPhase section */
		6B3E81A5211FC60B00D4F5D3 /* Resources */ = {
			isa = PBXResourcesBuildPhase;
			buildActionMask = 2147483647;
			files = (
				6B3E81B5211FC60F00D4F5D3 /* LaunchScreen.storyboard in Resources */,
				6B3E81B2211FC60F00D4F5D3 /* Assets.xcassets in Resources */,
				6B3E81B0211FC60B00D4F5D3 /* Main.storyboard in Resources */,
			);
			runOnlyForDeploymentPostprocessing = 0;
		};
/* End PBXResourcesBuildPhase section */

/* Begin PBXSourcesBuildPhase section */
		6B3E81A3211FC60B00D4F5D3 /* Sources */ = {
			isa = PBXSourcesBuildPhase;
			buildActionMask = 2147483647;
			files = (
				6B3E81BD211FC65C00D4F5D3 /* RootViewController.swift in Sources */,
				6B3E81AB211FC60B00D4F5D3 /* AppDelegate.swift in Sources */,
				6B3E81BF211FC88000D4F5D3 /* Book.swift in Sources */,
				6B3E81C1211FD70D00D4F5D3 /* DetailViewController.swift in Sources */,
			);
			runOnlyForDeploymentPostprocessing = 0;
		};
/* End PBXSourcesBuildPhase section */

/* Begin PBXTargetDependency section */
		6B3E81DC211FE29B00D4F5D3 /* PBXTargetDependency */ = {
			isa = PBXTargetDependency;
			name = "Alamofire iOS";
			targetProxy = 6B3E81DB211FE29B00D4F5D3 /* PBXContainerItemProxy */;
		};
/* End PBXTargetDependency section */

/* Begin PBXVariantGroup section */
		6B3E81AE211FC60B00D4F5D3 /* Main.storyboard */ = {
			isa = PBXVariantGroup;
			children = (
				6B3E81AF211FC60B00D4F5D3 /* Base */,
			);
			name = Main.storyboard;
			sourceTree = "<group>";
		};
		6B3E81B3211FC60F00D4F5D3 /* LaunchScreen.storyboard */ = {
			isa = PBXVariantGroup;
			children = (
				6B3E81B4211FC60F00D4F5D3 /* Base */,
			);
			name = LaunchScreen.storyboard;
			sourceTree = "<group>";
		};
/* End PBXVariantGroup section */

/* Begin XCBuildConfiguration section */
		6B3E81B7211FC60F00D4F5D3 /* Debug */ = {
			isa = XCBuildConfiguration;
			buildSettings = {
				ALWAYS_SEARCH_USER_PATHS = NO;
				CLANG_ANALYZER_NONNULL = YES;
				CLANG_ANALYZER_NUMBER_OBJECT_CONVERSION = YES_AGGRESSIVE;
				CLANG_CXX_LANGUAGE_STANDARD = "gnu++14";
				CLANG_CXX_LIBRARY = "libc++";
				CLANG_ENABLE_MODULES = YES;
				CLANG_ENABLE_OBJC_ARC = YES;
				CLANG_ENABLE_OBJC_WEAK = YES;
				CLANG_WARN_BLOCK_CAPTURE_AUTORELEASING = YES;
				CLANG_WARN_BOOL_CONVERSION = YES;
				CLANG_WARN_COMMA = YES;
				CLANG_WARN_CONSTANT_CONVERSION = YES;
				CLANG_WARN_DEPRECATED_OBJC_IMPLEMENTATIONS = YES;
				CLANG_WARN_DIRECT_OBJC_ISA_USAGE = YES_ERROR;
				CLANG_WARN_DOCUMENTATION_COMMENTS = YES;
				CLANG_WARN_EMPTY_BODY = YES;
				CLANG_WARN_ENUM_CONVERSION = YES;
				CLANG_WARN_INFINITE_RECURSION = YES;
				CLANG_WARN_INT_CONVERSION = YES;
				CLANG_WARN_NON_LITERAL_NULL_CONVERSION = YES;
				CLANG_WARN_OBJC_IMPLICIT_RETAIN_SELF = YES;
				CLANG_WARN_OBJC_LITERAL_CONVERSION = YES;
				CLANG_WARN_OBJC_ROOT_CLASS = YES_ERROR;
				CLANG_WARN_RANGE_LOOP_ANALYSIS = YES;
				CLANG_WARN_STRICT_PROTOTYPES = YES;
				CLANG_WARN_SUSPICIOUS_MOVE = YES;
				CLANG_WARN_UNGUARDED_AVAILABILITY = YES_AGGRESSIVE;
				CLANG_WARN_UNREACHABLE_CODE = YES;
				CLANG_WARN__DUPLICATE_METHOD_MATCH = YES;
				CODE_SIGN_IDENTITY = "iPhone Developer";
				COPY_PHASE_STRIP = NO;
				DEBUG_INFORMATION_FORMAT = dwarf;
				ENABLE_STRICT_OBJC_MSGSEND = YES;
				ENABLE_TESTABILITY = YES;
				GCC_C_LANGUAGE_STANDARD = gnu11;
				GCC_DYNAMIC_NO_PIC = NO;
				GCC_NO_COMMON_BLOCKS = YES;
				GCC_OPTIMIZATION_LEVEL = 0;
				GCC_PREPROCESSOR_DEFINITIONS = (
					"DEBUG=1",
					"$(inherited)",
				);
				GCC_WARN_64_TO_32_BIT_CONVERSION = YES;
				GCC_WARN_ABOUT_RETURN_TYPE = YES_ERROR;
				GCC_WARN_UNDECLARED_SELECTOR = YES;
				GCC_WARN_UNINITIALIZED_AUTOS = YES_AGGRESSIVE;
				GCC_WARN_UNUSED_FUNCTION = YES;
				GCC_WARN_UNUSED_VARIABLE = YES;
				IPHONEOS_DEPLOYMENT_TARGET = 11.4;
				MTL_ENABLE_DEBUG_INFO = YES;
				ONLY_ACTIVE_ARCH = YES;
				SDKROOT = iphoneos;
				SWIFT_ACTIVE_COMPILATION_CONDITIONS = DEBUG;
				SWIFT_OPTIMIZATION_LEVEL = "-Onone";
			};
			name = Debug;
		};
		6B3E81B8211FC60F00D4F5D3 /* Release */ = {
			isa = XCBuildConfiguration;
			buildSettings = {
				ALWAYS_SEARCH_USER_PATHS = NO;
				CLANG_ANALYZER_NONNULL = YES;
				CLANG_ANALYZER_NUMBER_OBJECT_CONVERSION = YES_AGGRESSIVE;
				CLANG_CXX_LANGUAGE_STANDARD = "gnu++14";
				CLANG_CXX_LIBRARY = "libc++";
				CLANG_ENABLE_MODULES = YES;
				CLANG_ENABLE_OBJC_ARC = YES;
				CLANG_ENABLE_OBJC_WEAK = YES;
				CLANG_WARN_BLOCK_CAPTURE_AUTORELEASING = YES;
				CLANG_WARN_BOOL_CONVERSION = YES;
				CLANG_WARN_COMMA = YES;
				CLANG_WARN_CONSTANT_CONVERSION = YES;
				CLANG_WARN_DEPRECATED_OBJC_IMPLEMENTATIONS = YES;
				CLANG_WARN_DIRECT_OBJC_ISA_USAGE = YES_ERROR;
				CLANG_WARN_DOCUMENTATION_COMMENTS = YES;
				CLANG_WARN_EMPTY_BODY = YES;
				CLANG_WARN_ENUM_CONVERSION = YES;
				CLANG_WARN_INFINITE_RECURSION = YES;
				CLANG_WARN_INT_CONVERSION = YES;
				CLANG_WARN_NON_LITERAL_NULL_CONVERSION = YES;
				CLANG_WARN_OBJC_IMPLICIT_RETAIN_SELF = YES;
				CLANG_WARN_OBJC_LITERAL_CONVERSION = YES;
				CLANG_WARN_OBJC_ROOT_CLASS = YES_ERROR;
				CLANG_WARN_RANGE_LOOP_ANALYSIS = YES;
				CLANG_WARN_STRICT_PROTOTYPES = YES;
				CLANG_WARN_SUSPICIOUS_MOVE = YES;
				CLANG_WARN_UNGUARDED_AVAILABILITY = YES_AGGRESSIVE;
				CLANG_WARN_UNREACHABLE_CODE = YES;
				CLANG_WARN__DUPLICATE_METHOD_MATCH = YES;
				CODE_SIGN_IDENTITY = "iPhone Developer";
				COPY_PHASE_STRIP = NO;
				DEBUG_INFORMATION_FORMAT = "dwarf-with-dsym";
				ENABLE_NS_ASSERTIONS = NO;
				ENABLE_STRICT_OBJC_MSGSEND = YES;
				GCC_C_LANGUAGE_STANDARD = gnu11;
				GCC_NO_COMMON_BLOCKS = YES;
				GCC_WARN_64_TO_32_BIT_CONVERSION = YES;
				GCC_WARN_ABOUT_RETURN_TYPE = YES_ERROR;
				GCC_WARN_UNDECLARED_SELECTOR = YES;
				GCC_WARN_UNINITIALIZED_AUTOS = YES_AGGRESSIVE;
				GCC_WARN_UNUSED_FUNCTION = YES;
				GCC_WARN_UNUSED_VARIABLE = YES;
				IPHONEOS_DEPLOYMENT_TARGET = 11.4;
				MTL_ENABLE_DEBUG_INFO = NO;
				SDKROOT = iphoneos;
				SWIFT_COMPILATION_MODE = wholemodule;
				SWIFT_OPTIMIZATION_LEVEL = "-O";
				VALIDATE_PRODUCT = YES;
			};
			name = Release;
		};
		6B3E81BA211FC60F00D4F5D3 /* Debug */ = {
			isa = XCBuildConfiguration;
			buildSettings = {
				ASSETCATALOG_COMPILER_APPICON_NAME = AppIcon;
				CODE_SIGN_STYLE = Automatic;
				INFOPLIST_FILE = XMLParsing/Info.plist;
				LD_RUNPATH_SEARCH_PATHS = (
					"$(inherited)",
					"@executable_path/Frameworks",
				);
				PRODUCT_BUNDLE_IDENTIFIER = pro.XMLParsing;
				PRODUCT_NAME = "$(TARGET_NAME)";
				SWIFT_VERSION = 4.0;
				TARGETED_DEVICE_FAMILY = "1,2";
			};
			name = Debug;
		};
		6B3E81BB211FC60F00D4F5D3 /* Release */ = {
			isa = XCBuildConfiguration;
			buildSettings = {
				ASSETCATALOG_COMPILER_APPICON_NAME = AppIcon;
				CODE_SIGN_STYLE = Automatic;
				INFOPLIST_FILE = XMLParsing/Info.plist;
				LD_RUNPATH_SEARCH_PATHS = (
					"$(inherited)",
					"@executable_path/Frameworks",
				);
				PRODUCT_BUNDLE_IDENTIFIER = pro.XMLParsing;
				PRODUCT_NAME = "$(TARGET_NAME)";
				SWIFT_VERSION = 4.0;
				TARGETED_DEVICE_FAMILY = "1,2";
			};
			name = Release;
		};
/* End XCBuildConfiguration section */

/* Begin XCConfigurationList section */
		6B3E81A2211FC60B00D4F5D3 /* Build configuration list for PBXProject "XMLParsing" */ = {
			isa = XCConfigurationList;
			buildConfigurations = (
				6B3E81B7211FC60F00D4F5D3 /* Debug */,
				6B3E81B8211FC60F00D4F5D3 /* Release */,
			);
			defaultConfigurationIsVisible = 0;
			defaultConfigurationName = Release;
		};
		6B3E81B9211FC60F00D4F5D3 /* Build configuration list for PBXNativeTarget "XMLParsing" */ = {
			isa = XCConfigurationList;
			buildConfigurations = (
				6B3E81BA211FC60F00D4F5D3 /* Debug */,
				6B3E81BB211FC60F00D4F5D3 /* Release */,
			);
			defaultConfigurationIsVisible = 0;
			defaultConfigurationName = Release;
		};
/* End XCConfigurationList section */
	};
	rootObject = 6B3E819F211FC60B00D4F5D3 /* Project object */;
}
